
Microsoft Visual Studio Solution File, Format Version 12.00
# Visual Studio 2012
Project("{2150E333-8FDC-42A3-9474-1A3956D46DE8}") = "UDDI", "UDDI", "{2E17570A-3118-43B3-B8F6-35F51D992D92}"
EndProject
Project("{E24C65DC-7377-472B-9ABA-BC803B73C61A}") = "Portal", "http://localhost/Portal", "{5D7C351D-81BB-4912-BBF9-FA3B3EA28EC5}"
	ProjectSection(WebsiteProperties) = preProject
		UseIISExpress = "false"
		TargetFrameworkMoniker = ".NETFramework,Version%3Dv4.0"
		ProjectReferences = "{3a6fd2e3-189b-4217-b619-d4b3064fd53e}|ESB.Core.dll;{5813C22E-EEB3-4DEE-A45C-BB218041193A}|NewLife.Core.dll;{B49ABA5A-C5DA-45F4-87F1-B435EC51D710}|XCode.dll;"
		Debug.AspNetCompiler.VirtualPath = "/Portal"
		Debug.AspNetCompiler.PhysicalPath = "Portal\"
		Debug.AspNetCompiler.TargetPath = "PrecompiledWeb\Portal\"
		Debug.AspNetCompiler.Updateable = "true"
		Debug.AspNetCompiler.ForceOverwrite = "true"
		Debug.AspNetCompiler.FixedNames = "false"
		Debug.AspNetCompiler.Debug = "True"
		Release.AspNetCompiler.VirtualPath = "/Portal"
		Release.AspNetCompiler.PhysicalPath = "Portal\"
		Release.AspNetCompiler.TargetPath = "PrecompiledWeb\Portal\"
		Release.AspNetCompiler.Updateable = "true"
		Release.AspNetCompiler.ForceOverwrite = "true"
		Release.AspNetCompiler.FixedNames = "false"
		Release.AspNetCompiler.Debug = "False"
		SlnRelativePath = "Portal\"
	EndProjectSection
EndProject
Project("{FAE04EC0-301F-11D3-BF4B-00C04F79EFBC}") = "UDDI.Core.DataAccess", "WebSerivce\UDDI\UDDI.Core.DataAccess\UDDI.Core.DataAccess.csproj", "{033BCA0C-44AE-4A94-AB6C-6858513CE44A}"
EndProject
Project("{FAE04EC0-301F-11D3-BF4B-00C04F79EFBC}") = "UDDI.Business.Logic", "WebSerivce\UDDI\UDDI.Business.Logic\UDDI.Business.Logic.csproj", "{07FFE43E-5FDB-46E6-B686-7164FB1643A3}"
EndProject
Project("{FAE04EC0-301F-11D3-BF4B-00C04F79EFBC}") = "UDDI.Service.Registration", "WebSerivce\UDDI\UDDI.Service.Registration\UDDI.Service.Registration.csproj", "{ACCBC1AA-EA5F-40A3-9BCB-5CA4416F882D}"
EndProject
Project("{FAE04EC0-301F-11D3-BF4B-00C04F79EFBC}") = "ESB.Core", "Core\ESB.Core\ESB.Core.csproj", "{3A6FD2E3-189B-4217-B619-D4B3064FD53E}"
EndProject
Project("{FAE04EC0-301F-11D3-BF4B-00C04F79EFBC}") = "NewLife.Core", "NewLife\NewLife.Core\NewLife.Core.csproj", "{5813C22E-EEB3-4DEE-A45C-BB218041193A}"
EndProject
Project("{FAE04EC0-301F-11D3-BF4B-00C04F79EFBC}") = "NewLife.XCode", "NewLife\NewLife.XCode\NewLife.XCode.csproj", "{B49ABA5A-C5DA-45F4-87F1-B435EC51D710}"
EndProject
Project("{2150E333-8FDC-42A3-9474-1A3956D46DE8}") = "Core", "Core", "{C814BB74-4C10-4A65-B130-F70155B179AB}"
EndProject
Project("{2150E333-8FDC-42A3-9474-1A3956D46DE8}") = "Audit", "Audit", "{AD3A2058-2A76-468E-89EF-5B8D924ECA9D}"
EndProject
Project("{2150E333-8FDC-42A3-9474-1A3956D46DE8}") = "Exception", "Exception", "{5CA64B3B-9C3B-4D71-BB2C-272236A3EEA3}"
EndProject
Project("{2150E333-8FDC-42A3-9474-1A3956D46DE8}") = "Scheduler", "Scheduler", "{BF5353B3-4D0F-4524-8A89-CCFBD5365327}"
EndProject
Project("{FAE04EC0-301F-11D3-BF4B-00C04F79EFBC}") = "Audit.DataAccess", "WebSerivce\Audit\Audit.DataAccess\Audit.DataAccess.csproj", "{A6F7BB0A-57A6-486B-A06C-1BFF2AE1B350}"
EndProject
Project("{FAE04EC0-301F-11D3-BF4B-00C04F79EFBC}") = "Audit.Logic", "WebSerivce\Audit\Audit.Logic\Audit.Logic.csproj", "{FA57264F-E8B0-4091-BEBD-F3C0543E7CF8}"
EndProject
Project("{FAE04EC0-301F-11D3-BF4B-00C04F79EFBC}") = "Audit.Service", "WebSerivce\Audit\Audit.Service\Audit.Service.csproj", "{FAB63E7C-8F94-4D07-BFB5-A1A4EDB55E02}"
EndProject
Project("{FAE04EC0-301F-11D3-BF4B-00C04F79EFBC}") = "Exception.DataAccess", "WebSerivce\Exception\Exception.DataAccess\Exception.DataAccess.csproj", "{7C21D96A-D13D-42C9-8E25-6C91CF3C6951}"
EndProject
Project("{FAE04EC0-301F-11D3-BF4B-00C04F79EFBC}") = "Exception.Logic", "WebSerivce\Exception\Exception.Logic\Exception.Logic.csproj", "{46E88F99-CC45-41BB-9695-CCCDEB1DCBA4}"
EndProject
Project("{FAE04EC0-301F-11D3-BF4B-00C04F79EFBC}") = "Exception.Service", "WebSerivce\Exception\Exception.Services\Exception.Service.csproj", "{D158C0D8-216C-48BE-9E48-FA4AAE455AF9}"
EndProject
Project("{FAE04EC0-301F-11D3-BF4B-00C04F79EFBC}") = "Scheduler.DataAccess", "WebSerivce\Scheduler\Scheduler.DataAccess\Scheduler.DataAccess.csproj", "{5887D6DD-4AF8-4347-93F7-7AE65FE5ACCA}"
EndProject
Project("{FAE04EC0-301F-11D3-BF4B-00C04F79EFBC}") = "Scheduler.Logic", "WebSerivce\Scheduler\Scheduler.Logic\Scheduler.Logic.csproj", "{6AC436C1-FAF9-4AD6-8D53-5D60DADBC261}"
EndProject
Project("{FAE04EC0-301F-11D3-BF4B-00C04F79EFBC}") = "Scheduler.Service", "WebSerivce\Scheduler\Scheduler.Service\Scheduler.Service.csproj", "{D8201D9F-2701-49AA-A970-719F362F7D09}"
EndProject
Project("{FAE04EC0-301F-11D3-BF4B-00C04F79EFBC}") = "Scheduler.Job", "WebSerivce\Scheduler\Scheduler.Job\Scheduler.Job.csproj", "{0358477C-4CA5-4F92-9AB0-C32578457553}"
EndProject
Project("{FAE04EC0-301F-11D3-BF4B-00C04F79EFBC}") = "ESB.CallCenter", "Core\CoreWeb\ESB.CallCenter.csproj", "{115504D6-3B4E-4D2F-9B6F-183411716723}"
EndProject
Global
	GlobalSection(SolutionConfigurationPlatforms) = preSolution
		Debug|Any CPU = Debug|Any CPU
		Net4Debug|Any CPU = Net4Debug|Any CPU
		Net4Release|Any CPU = Net4Release|Any CPU
		Release|Any CPU = Release|Any CPU
	EndGlobalSection
	GlobalSection(ProjectConfigurationPlatforms) = postSolution
		{5D7C351D-81BB-4912-BBF9-FA3B3EA28EC5}.Debug|Any CPU.ActiveCfg = Debug|Any CPU
		{5D7C351D-81BB-4912-BBF9-FA3B3EA28EC5}.Debug|Any CPU.Build.0 = Debug|Any CPU
		{5D7C351D-81BB-4912-BBF9-FA3B3EA28EC5}.Net4Debug|Any CPU.ActiveCfg = Debug|Any CPU
		{5D7C351D-81BB-4912-BBF9-FA3B3EA28EC5}.Net4Debug|Any CPU.Build.0 = Debug|Any CPU
		{5D7C351D-81BB-4912-BBF9-FA3B3EA28EC5}.Net4Release|Any CPU.ActiveCfg = Debug|Any CPU
		{5D7C351D-81BB-4912-BBF9-FA3B3EA28EC5}.Net4Release|Any CPU.Build.0 = Debug|Any CPU
		{5D7C351D-81BB-4912-BBF9-FA3B3EA28EC5}.Release|Any CPU.ActiveCfg = Debug|Any CPU
		{5D7C351D-81BB-4912-BBF9-FA3B3EA28EC5}.Release|Any CPU.Build.0 = Debug|Any CPU
		{033BCA0C-44AE-4A94-AB6C-6858513CE44A}.Debug|Any CPU.ActiveCfg = Debug|Any CPU
		{033BCA0C-44AE-4A94-AB6C-6858513CE44A}.Debug|Any CPU.Build.0 = Debug|Any CPU
		{033BCA0C-44AE-4A94-AB6C-6858513CE44A}.Net4Debug|Any CPU.ActiveCfg = Debug|Any CPU
		{033BCA0C-44AE-4A94-AB6C-6858513CE44A}.Net4Debug|Any CPU.Build.0 = Debug|Any CPU
		{033BCA0C-44AE-4A94-AB6C-6858513CE44A}.Net4Release|Any CPU.ActiveCfg = Release|Any CPU
		{033BCA0C-44AE-4A94-AB6C-6858513CE44A}.Net4Release|Any CPU.Build.0 = Release|Any CPU
		{033BCA0C-44AE-4A94-AB6C-6858513CE44A}.Release|Any CPU.ActiveCfg = Release|Any CPU
		{033BCA0C-44AE-4A94-AB6C-6858513CE44A}.Release|Any CPU.Build.0 = Release|Any CPU
		{07FFE43E-5FDB-46E6-B686-7164FB1643A3}.Debug|Any CPU.ActiveCfg = Debug|Any CPU
		{07FFE43E-5FDB-46E6-B686-7164FB1643A3}.Debug|Any CPU.Build.0 = Debug|Any CPU
		{07FFE43E-5FDB-46E6-B686-7164FB1643A3}.Net4Debug|Any CPU.ActiveCfg = Debug|Any CPU
		{07FFE43E-5FDB-46E6-B686-7164FB1643A3}.Net4Debug|Any CPU.Build.0 = Debug|Any CPU
		{07FFE43E-5FDB-46E6-B686-7164FB1643A3}.Net4Release|Any CPU.ActiveCfg = Release|Any CPU
		{07FFE43E-5FDB-46E6-B686-7164FB1643A3}.Net4Release|Any CPU.Build.0 = Release|Any CPU
		{07FFE43E-5FDB-46E6-B686-7164FB1643A3}.Release|Any CPU.ActiveCfg = Release|Any CPU
		{07FFE43E-5FDB-46E6-B686-7164FB1643A3}.Release|Any CPU.Build.0 = Release|Any CPU
		{ACCBC1AA-EA5F-40A3-9BCB-5CA4416F882D}.Debug|Any CPU.ActiveCfg = Debug|Any CPU
		{ACCBC1AA-EA5F-40A3-9BCB-5CA4416F882D}.Debug|Any CPU.Build.0 = Debug|Any CPU
		{ACCBC1AA-EA5F-40A3-9BCB-5CA4416F882D}.Net4Debug|Any CPU.ActiveCfg = Debug|Any CPU
		{ACCBC1AA-EA5F-40A3-9BCB-5CA4416F882D}.Net4Debug|Any CPU.Build.0 = Debug|Any CPU
		{ACCBC1AA-EA5F-40A3-9BCB-5CA4416F882D}.Net4Release|Any CPU.ActiveCfg = Release|Any CPU
		{ACCBC1AA-EA5F-40A3-9BCB-5CA4416F882D}.Net4Release|Any CPU.Build.0 = Release|Any CPU
		{ACCBC1AA-EA5F-40A3-9BCB-5CA4416F882D}.Release|Any CPU.ActiveCfg = Release|Any CPU
		{ACCBC1AA-EA5F-40A3-9BCB-5CA4416F882D}.Release|Any CPU.Build.0 = Release|Any CPU
		{3A6FD2E3-189B-4217-B619-D4B3064FD53E}.Debug|Any CPU.ActiveCfg = Debug|Any CPU
		{3A6FD2E3-189B-4217-B619-D4B3064FD53E}.Debug|Any CPU.Build.0 = Debug|Any CPU
		{3A6FD2E3-189B-4217-B619-D4B3064FD53E}.Net4Debug|Any CPU.ActiveCfg = Debug|Any CPU
		{3A6FD2E3-189B-4217-B619-D4B3064FD53E}.Net4Debug|Any CPU.Build.0 = Debug|Any CPU
		{3A6FD2E3-189B-4217-B619-D4B3064FD53E}.Net4Release|Any CPU.ActiveCfg = Release|Any CPU
		{3A6FD2E3-189B-4217-B619-D4B3064FD53E}.Net4Release|Any CPU.Build.0 = Release|Any CPU
		{3A6FD2E3-189B-4217-B619-D4B3064FD53E}.Release|Any CPU.ActiveCfg = Release|Any CPU
		{3A6FD2E3-189B-4217-B619-D4B3064FD53E}.Release|Any CPU.Build.0 = Release|Any CPU
		{5813C22E-EEB3-4DEE-A45C-BB218041193A}.Debug|Any CPU.ActiveCfg = Debug|Any CPU
		{5813C22E-EEB3-4DEE-A45C-BB218041193A}.Debug|Any CPU.Build.0 = Debug|Any CPU
		{5813C22E-EEB3-4DEE-A45C-BB218041193A}.Net4Debug|Any CPU.ActiveCfg = Net4Debug|Any CPU
		{5813C22E-EEB3-4DEE-A45C-BB218041193A}.Net4Debug|Any CPU.Build.0 = Net4Debug|Any CPU
		{5813C22E-EEB3-4DEE-A45C-BB218041193A}.Net4Release|Any CPU.ActiveCfg = Net4Release|Any CPU
		{5813C22E-EEB3-4DEE-A45C-BB218041193A}.Net4Release|Any CPU.Build.0 = Net4Release|Any CPU
		{5813C22E-EEB3-4DEE-A45C-BB218041193A}.Release|Any CPU.ActiveCfg = Release|Any CPU
		{5813C22E-EEB3-4DEE-A45C-BB218041193A}.Release|Any CPU.Build.0 = Release|Any CPU
		{B49ABA5A-C5DA-45F4-87F1-B435EC51D710}.Debug|Any CPU.ActiveCfg = Debug|Any CPU
		{B49ABA5A-C5DA-45F4-87F1-B435EC51D710}.Debug|Any CPU.Build.0 = Debug|Any CPU
		{B49ABA5A-C5DA-45F4-87F1-B435EC51D710}.Net4Debug|Any CPU.ActiveCfg = Net4Debug|Any CPU
		{B49ABA5A-C5DA-45F4-87F1-B435EC51D710}.Net4Debug|Any CPU.Build.0 = Net4Debug|Any CPU
		{B49ABA5A-C5DA-45F4-87F1-B435EC51D710}.Net4Release|Any CPU.ActiveCfg = Net4Release|Any CPU
		{B49ABA5A-C5DA-45F4-87F1-B435EC51D710}.Net4Release|Any CPU.Build.0 = Net4Release|Any CPU
		{B49ABA5A-C5DA-45F4-87F1-B435EC51D710}.Release|Any CPU.ActiveCfg = Release|Any CPU
		{B49ABA5A-C5DA-45F4-87F1-B435EC51D710}.Release|Any CPU.Build.0 = Release|Any CPU
		{A6F7BB0A-57A6-486B-A06C-1BFF2AE1B350}.Debug|Any CPU.ActiveCfg = Debug|Any CPU
		{A6F7BB0A-57A6-486B-A06C-1BFF2AE1B350}.Debug|Any CPU.Build.0 = Debug|Any CPU
		{A6F7BB0A-57A6-486B-A06C-1BFF2AE1B350}.Net4Debug|Any CPU.ActiveCfg = Debug|Any CPU
		{A6F7BB0A-57A6-486B-A06C-1BFF2AE1B350}.Net4Debug|Any CPU.Build.0 = Debug|Any CPU
		{A6F7BB0A-57A6-486B-A06C-1BFF2AE1B350}.Net4Release|Any CPU.ActiveCfg = Release|Any CPU
		{A6F7BB0A-57A6-486B-A06C-1BFF2AE1B350}.Net4Release|Any CPU.Build.0 = Release|Any CPU
		{A6F7BB0A-57A6-486B-A06C-1BFF2AE1B350}.Release|Any CPU.ActiveCfg = Release|Any CPU
		{A6F7BB0A-57A6-486B-A06C-1BFF2AE1B350}.Release|Any CPU.Build.0 = Release|Any CPU
		{FA57264F-E8B0-4091-BEBD-F3C0543E7CF8}.Debug|Any CPU.ActiveCfg = Debug|Any CPU
		{FA57264F-E8B0-4091-BEBD-F3C0543E7CF8}.Debug|Any CPU.Build.0 = Debug|Any CPU
		{FA57264F-E8B0-4091-BEBD-F3C0543E7CF8}.Net4Debug|Any CPU.ActiveCfg = Debug|Any CPU
		{FA57264F-E8B0-4091-BEBD-F3C0543E7CF8}.Net4Debug|Any CPU.Build.0 = Debug|Any CPU
		{FA57264F-E8B0-4091-BEBD-F3C0543E7CF8}.Net4Release|Any CPU.ActiveCfg = Release|Any CPU
		{FA57264F-E8B0-4091-BEBD-F3C0543E7CF8}.Net4Release|Any CPU.Build.0 = Release|Any CPU
		{FA57264F-E8B0-4091-BEBD-F3C0543E7CF8}.Release|Any CPU.ActiveCfg = Release|Any CPU
		{FA57264F-E8B0-4091-BEBD-F3C0543E7CF8}.Release|Any CPU.Build.0 = Release|Any CPU
		{FAB63E7C-8F94-4D07-BFB5-A1A4EDB55E02}.Debug|Any CPU.ActiveCfg = Debug|Any CPU
		{FAB63E7C-8F94-4D07-BFB5-A1A4EDB55E02}.Debug|Any CPU.Build.0 = Debug|Any CPU
		{FAB63E7C-8F94-4D07-BFB5-A1A4EDB55E02}.Net4Debug|Any CPU.ActiveCfg = Debug|Any CPU
		{FAB63E7C-8F94-4D07-BFB5-A1A4EDB55E02}.Net4Debug|Any CPU.Build.0 = Debug|Any CPU
		{FAB63E7C-8F94-4D07-BFB5-A1A4EDB55E02}.Net4Release|Any CPU.ActiveCfg = Release|Any CPU
		{FAB63E7C-8F94-4D07-BFB5-A1A4EDB55E02}.Net4Release|Any CPU.Build.0 = Release|Any CPU
		{FAB63E7C-8F94-4D07-BFB5-A1A4EDB55E02}.Release|Any CPU.ActiveCfg = Release|Any CPU
		{FAB63E7C-8F94-4D07-BFB5-A1A4EDB55E02}.Release|Any CPU.Build.0 = Release|Any CPU
		{7C21D96A-D13D-42C9-8E25-6C91CF3C6951}.Debug|Any CPU.ActiveCfg = Debug|Any CPU
		{7C21D96A-D13D-42C9-8E25-6C91CF3C6951}.Debug|Any CPU.Build.0 = Debug|Any CPU
		{7C21D96A-D13D-42C9-8E25-6C91CF3C6951}.Net4Debug|Any CPU.ActiveCfg = Debug|Any CPU
		{7C21D96A-D13D-42C9-8E25-6C91CF3C6951}.Net4Debug|Any CPU.Build.0 = Debug|Any CPU
		{7C21D96A-D13D-42C9-8E25-6C91CF3C6951}.Net4Release|Any CPU.ActiveCfg = Release|Any CPU
		{7C21D96A-D13D-42C9-8E25-6C91CF3C6951}.Net4Release|Any CPU.Build.0 = Release|Any CPU
		{7C21D96A-D13D-42C9-8E25-6C91CF3C6951}.Release|Any CPU.ActiveCfg = Release|Any CPU
		{7C21D96A-D13D-42C9-8E25-6C91CF3C6951}.Release|Any CPU.Build.0 = Release|Any CPU
		{46E88F99-CC45-41BB-9695-CCCDEB1DCBA4}.Debug|Any CPU.ActiveCfg = Debug|Any CPU
		{46E88F99-CC45-41BB-9695-CCCDEB1DCBA4}.Debug|Any CPU.Build.0 = Debug|Any CPU
		{46E88F99-CC45-41BB-9695-CCCDEB1DCBA4}.Net4Debug|Any CPU.ActiveCfg = Debug|Any CPU
		{46E88F99-CC45-41BB-9695-CCCDEB1DCBA4}.Net4Debug|Any CPU.Build.0 = Debug|Any CPU
		{46E88F99-CC45-41BB-9695-CCCDEB1DCBA4}.Net4Release|Any CPU.ActiveCfg = Release|Any CPU
		{46E88F99-CC45-41BB-9695-CCCDEB1DCBA4}.Net4Release|Any CPU.Build.0 = Release|Any CPU
		{46E88F99-CC45-41BB-9695-CCCDEB1DCBA4}.Release|Any CPU.ActiveCfg = Release|Any CPU
		{46E88F99-CC45-41BB-9695-CCCDEB1DCBA4}.Release|Any CPU.Build.0 = Release|Any CPU
		{D158C0D8-216C-48BE-9E48-FA4AAE455AF9}.Debug|Any CPU.ActiveCfg = Debug|Any CPU
		{D158C0D8-216C-48BE-9E48-FA4AAE455AF9}.Debug|Any CPU.Build.0 = Debug|Any CPU
		{D158C0D8-216C-48BE-9E48-FA4AAE455AF9}.Net4Debug|Any CPU.ActiveCfg = Debug|Any CPU
		{D158C0D8-216C-48BE-9E48-FA4AAE455AF9}.Net4Debug|Any CPU.Build.0 = Debug|Any CPU
		{D158C0D8-216C-48BE-9E48-FA4AAE455AF9}.Net4Release|Any CPU.ActiveCfg = Release|Any CPU
		{D158C0D8-216C-48BE-9E48-FA4AAE455AF9}.Net4Release|Any CPU.Build.0 = Release|Any CPU
		{D158C0D8-216C-48BE-9E48-FA4AAE455AF9}.Release|Any CPU.ActiveCfg = Release|Any CPU
		{D158C0D8-216C-48BE-9E48-FA4AAE455AF9}.Release|Any CPU.Build.0 = Release|Any CPU
		{5887D6DD-4AF8-4347-93F7-7AE65FE5ACCA}.Debug|Any CPU.ActiveCfg = Debug|Any CPU
		{5887D6DD-4AF8-4347-93F7-7AE65FE5ACCA}.Debug|Any CPU.Build.0 = Debug|Any CPU
		{5887D6DD-4AF8-4347-93F7-7AE65FE5ACCA}.Net4Debug|Any CPU.ActiveCfg = Debug|Any CPU
		{5887D6DD-4AF8-4347-93F7-7AE65FE5ACCA}.Net4Debug|Any CPU.Build.0 = Debug|Any CPU
		{5887D6DD-4AF8-4347-93F7-7AE65FE5ACCA}.Net4Release|Any CPU.ActiveCfg = Release|Any CPU
		{5887D6DD-4AF8-4347-93F7-7AE65FE5ACCA}.Net4Release|Any CPU.Build.0 = Release|Any CPU
		{5887D6DD-4AF8-4347-93F7-7AE65FE5ACCA}.Release|Any CPU.ActiveCfg = Release|Any CPU
		{5887D6DD-4AF8-4347-93F7-7AE65FE5ACCA}.Release|Any CPU.Build.0 = Release|Any CPU
		{6AC436C1-FAF9-4AD6-8D53-5D60DADBC261}.Debug|Any CPU.ActiveCfg = Debug|Any CPU
		{6AC436C1-FAF9-4AD6-8D53-5D60DADBC261}.Debug|Any CPU.Build.0 = Debug|Any CPU
		{6AC436C1-FAF9-4AD6-8D53-5D60DADBC261}.Net4Debug|Any CPU.ActiveCfg = Debug|Any CPU
		{6AC436C1-FAF9-4AD6-8D53-5D60DADBC261}.Net4Debug|Any CPU.Build.0 = Debug|Any CPU
		{6AC436C1-FAF9-4AD6-8D53-5D60DADBC261}.Net4Release|Any CPU.ActiveCfg = Release|Any CPU
		{6AC436C1-FAF9-4AD6-8D53-5D60DADBC261}.Net4Release|Any CPU.Build.0 = Release|Any CPU
		{6AC436C1-FAF9-4AD6-8D53-5D60DADBC261}.Release|Any CPU.ActiveCfg = Release|Any CPU
		{6AC436C1-FAF9-4AD6-8D53-5D60DADBC261}.Release|Any CPU.Build.0 = Release|Any CPU
		{D8201D9F-2701-49AA-A970-719F362F7D09}.Debug|Any CPU.ActiveCfg = Debug|Any CPU
		{D8201D9F-2701-49AA-A970-719F362F7D09}.Debug|Any CPU.Build.0 = Debug|Any CPU
		{D8201D9F-2701-49AA-A970-719F362F7D09}.Net4Debug|Any CPU.ActiveCfg = Debug|Any CPU
		{D8201D9F-2701-49AA-A970-719F362F7D09}.Net4Debug|Any CPU.Build.0 = Debug|Any CPU
		{D8201D9F-2701-49AA-A970-719F362F7D09}.Net4Release|Any CPU.ActiveCfg = Release|Any CPU
		{D8201D9F-2701-49AA-A970-719F362F7D09}.Net4Release|Any CPU.Build.0 = Release|Any CPU
		{D8201D9F-2701-49AA-A970-719F362F7D09}.Release|Any CPU.ActiveCfg = Release|Any CPU
		{D8201D9F-2701-49AA-A970-719F362F7D09}.Release|Any CPU.Build.0 = Release|Any CPU
		{0358477C-4CA5-4F92-9AB0-C32578457553}.Debug|Any CPU.ActiveCfg = Debug|Any CPU
		{0358477C-4CA5-4F92-9AB0-C32578457553}.Debug|Any CPU.Build.0 = Debug|Any CPU
		{0358477C-4CA5-4F92-9AB0-C32578457553}.Net4Debug|Any CPU.ActiveCfg = Debug|Any CPU
		{0358477C-4CA5-4F92-9AB0-C32578457553}.Net4Debug|Any CPU.Build.0 = Debug|Any CPU
		{0358477C-4CA5-4F92-9AB0-C32578457553}.Net4Release|Any CPU.ActiveCfg = Release|Any CPU
		{0358477C-4CA5-4F92-9AB0-C32578457553}.Net4Release|Any CPU.Build.0 = Release|Any CPU
		{0358477C-4CA5-4F92-9AB0-C32578457553}.Release|Any CPU.ActiveCfg = Release|Any CPU
		{0358477C-4CA5-4F92-9AB0-C32578457553}.Release|Any CPU.Build.0 = Release|Any CPU
		{115504D6-3B4E-4D2F-9B6F-183411716723}.Debug|Any CPU.ActiveCfg = Debug|Any CPU
		{115504D6-3B4E-4D2F-9B6F-183411716723}.Debug|Any CPU.Build.0 = Debug|Any CPU
		{115504D6-3B4E-4D2F-9B6F-183411716723}.Net4Debug|Any CPU.ActiveCfg = Debug|Any CPU
		{115504D6-3B4E-4D2F-9B6F-183411716723}.Net4Debug|Any CPU.Build.0 = Debug|Any CPU
		{115504D6-3B4E-4D2F-9B6F-183411716723}.Net4Release|Any CPU.ActiveCfg = Release|Any CPU
		{115504D6-3B4E-4D2F-9B6F-183411716723}.Net4Release|Any CPU.Build.0 = Release|Any CPU
		{115504D6-3B4E-4D2F-9B6F-183411716723}.Release|Any CPU.ActiveCfg = Release|Any CPU
		{115504D6-3B4E-4D2F-9B6F-183411716723}.Release|Any CPU.Build.0 = Release|Any CPU
	EndGlobalSection
	GlobalSection(SolutionProperties) = preSolution
		HideSolutionNode = FALSE
	EndGlobalSection
	GlobalSection(NestedProjects) = preSolution
		{033BCA0C-44AE-4A94-AB6C-6858513CE44A} = {2E17570A-3118-43B3-B8F6-35F51D992D92}
		{07FFE43E-5FDB-46E6-B686-7164FB1643A3} = {2E17570A-3118-43B3-B8F6-35F51D992D92}
		{ACCBC1AA-EA5F-40A3-9BCB-5CA4416F882D} = {2E17570A-3118-43B3-B8F6-35F51D992D92}
		{5813C22E-EEB3-4DEE-A45C-BB218041193A} = {C814BB74-4C10-4A65-B130-F70155B179AB}
		{B49ABA5A-C5DA-45F4-87F1-B435EC51D710} = {C814BB74-4C10-4A65-B130-F70155B179AB}
		{3A6FD2E3-189B-4217-B619-D4B3064FD53E} = {C814BB74-4C10-4A65-B130-F70155B179AB}
		{115504D6-3B4E-4D2F-9B6F-183411716723} = {C814BB74-4C10-4A65-B130-F70155B179AB}
		{A6F7BB0A-57A6-486B-A06C-1BFF2AE1B350} = {AD3A2058-2A76-468E-89EF-5B8D924ECA9D}
		{FA57264F-E8B0-4091-BEBD-F3C0543E7CF8} = {AD3A2058-2A76-468E-89EF-5B8D924ECA9D}
		{FAB63E7C-8F94-4D07-BFB5-A1A4EDB55E02} = {AD3A2058-2A76-468E-89EF-5B8D924ECA9D}
		{7C21D96A-D13D-42C9-8E25-6C91CF3C6951} = {5CA64B3B-9C3B-4D71-BB2C-272236A3EEA3}
		{46E88F99-CC45-41BB-9695-CCCDEB1DCBA4} = {5CA64B3B-9C3B-4D71-BB2C-272236A3EEA3}
		{D158C0D8-216C-48BE-9E48-FA4AAE455AF9} = {5CA64B3B-9C3B-4D71-BB2C-272236A3EEA3}
		{5887D6DD-4AF8-4347-93F7-7AE65FE5ACCA} = {BF5353B3-4D0F-4524-8A89-CCFBD5365327}
		{6AC436C1-FAF9-4AD6-8D53-5D60DADBC261} = {BF5353B3-4D0F-4524-8A89-CCFBD5365327}
		{D8201D9F-2701-49AA-A970-719F362F7D09} = {BF5353B3-4D0F-4524-8A89-CCFBD5365327}
		{0358477C-4CA5-4F92-9AB0-C32578457553} = {BF5353B3-4D0F-4524-8A89-CCFBD5365327}
	EndGlobalSection
EndGlobal
