
Microsoft Visual Studio Solution File, Format Version 12.00
# Visual Studio 2012
Project("{FAE04EC0-301F-11D3-BF4B-00C04F79EFBC}") = "ESB.TestFramework", "Test\ESBTestFramework\ESB.TestFramework.csproj", "{CDD25F6F-8C1E-4972-A231-2EB9FE1B7BFF}"
EndProject
Global
	GlobalSection(SolutionConfigurationPlatforms) = preSolution
		Debug|Any CPU = Debug|Any CPU
		Debug|Mixed Platforms = Debug|Mixed Platforms
		Debug|x86 = Debug|x86
		Net4Debug|Any CPU = Net4Debug|Any CPU
		Net4Debug|Mixed Platforms = Net4Debug|Mixed Platforms
		Net4Debug|x86 = Net4Debug|x86
		Net4Release|Any CPU = Net4Release|Any CPU
		Net4Release|Mixed Platforms = Net4Release|Mixed Platforms
		Net4Release|x86 = Net4Release|x86
		Release|Any CPU = Release|Any CPU
		Release|Mixed Platforms = Release|Mixed Platforms
		Release|x86 = Release|x86
	EndGlobalSection
	GlobalSection(ProjectConfigurationPlatforms) = postSolution
		{CDD25F6F-8C1E-4972-A231-2EB9FE1B7BFF}.Debug|Any CPU.ActiveCfg = Debug|x86
		{CDD25F6F-8C1E-4972-A231-2EB9FE1B7BFF}.Debug|Mixed Platforms.ActiveCfg = Debug|x86
		{CDD25F6F-8C1E-4972-A231-2EB9FE1B7BFF}.Debug|Mixed Platforms.Build.0 = Debug|x86
		{CDD25F6F-8C1E-4972-A231-2EB9FE1B7BFF}.Debug|x86.ActiveCfg = Debug|x86
		{CDD25F6F-8C1E-4972-A231-2EB9FE1B7BFF}.Debug|x86.Build.0 = Debug|x86
		{CDD25F6F-8C1E-4972-A231-2EB9FE1B7BFF}.Net4Debug|Any CPU.ActiveCfg = Debug|x86
		{CDD25F6F-8C1E-4972-A231-2EB9FE1B7BFF}.Net4Debug|Mixed Platforms.ActiveCfg = Debug|x86
		{CDD25F6F-8C1E-4972-A231-2EB9FE1B7BFF}.Net4Debug|Mixed Platforms.Build.0 = Debug|x86
		{CDD25F6F-8C1E-4972-A231-2EB9FE1B7BFF}.Net4Debug|x86.ActiveCfg = Debug|x86
		{CDD25F6F-8C1E-4972-A231-2EB9FE1B7BFF}.Net4Debug|x86.Build.0 = Debug|x86
		{CDD25F6F-8C1E-4972-A231-2EB9FE1B7BFF}.Net4Release|Any CPU.ActiveCfg = Release|x86
		{CDD25F6F-8C1E-4972-A231-2EB9FE1B7BFF}.Net4Release|Mixed Platforms.ActiveCfg = Release|x86
		{CDD25F6F-8C1E-4972-A231-2EB9FE1B7BFF}.Net4Release|Mixed Platforms.Build.0 = Release|x86
		{CDD25F6F-8C1E-4972-A231-2EB9FE1B7BFF}.Net4Release|x86.ActiveCfg = Release|x86
		{CDD25F6F-8C1E-4972-A231-2EB9FE1B7BFF}.Net4Release|x86.Build.0 = Release|x86
		{CDD25F6F-8C1E-4972-A231-2EB9FE1B7BFF}.Release|Any CPU.ActiveCfg = Release|x86
		{CDD25F6F-8C1E-4972-A231-2EB9FE1B7BFF}.Release|Mixed Platforms.ActiveCfg = Release|x86
		{CDD25F6F-8C1E-4972-A231-2EB9FE1B7BFF}.Release|Mixed Platforms.Build.0 = Release|x86
		{CDD25F6F-8C1E-4972-A231-2EB9FE1B7BFF}.Release|x86.ActiveCfg = Release|x86
		{CDD25F6F-8C1E-4972-A231-2EB9FE1B7BFF}.Release|x86.Build.0 = Release|x86
	EndGlobalSection
	GlobalSection(SolutionProperties) = preSolution
		HideSolutionNode = FALSE
	EndGlobalSection
EndGlobal
